<?xml version="1.0" encoding="UTF-8"?>
<!DOCTYPE plist PUBLIC "-//Apple//DTD PLIST 1.0//EN" "http://www.apple.com/DTDs/PropertyList-1.0.dtd">
<plist version="1.0">
<dict>
	<key>archiveVersion</key>
	<string>1</string>
	<key>classes</key>
	<dict/>
	<key>objectVersion</key>
	<string>46</string>
	<key>objects</key>
	<dict>
		<key>161F596818CA8F58006777E1</key>
		<dict>
			<key>children</key>
			<array>
				<string>1634C83F18F9FAA900B283DF</string>
				<string>1634C84018F9FAA900B283DF</string>
				<string>162EA91B18EA9B18008F79AE</string>
				<string>162EA91C18EA9B18008F79AE</string>
				<string>16CEBC2818CD9C6000B58E24</string>
				<string>16CEBC2918CD9C6000B58E24</string>
				<string>161F59A318CA8FDC006777E1</string>
				<string>162A8CE218CCD09400A7AC80</string>
				<string>162A8CE318CCD09400A7AC80</string>
				<string>169B43CD18DA12A000B3CC21</string>
				<string>169B43CE18DA12A000B3CC21</string>
				<string>162A8CDF18CCCF9900A7AC80</string>
				<string>162A8CE018CCCF9900A7AC80</string>
				<string>161F59AE18CAAC86006777E1</string>
				<string>161F59AF18CAAC86006777E1</string>
				<string>161F59B118CAAD0A006777E1</string>
				<string>161F59B218CAAD0A006777E1</string>
				<string>161F59A818CAAB96006777E1</string>
				<string>161F59A918CAAB96006777E1</string>
				<string>161F59A518CAA846006777E1</string>
				<string>161F59A618CAA846006777E1</string>
				<string>161F597A18CA8F58006777E1</string>
				<string>161F599318CA8F58006777E1</string>
				<string>161F597318CA8F58006777E1</string>
				<string>161F597218CA8F58006777E1</string>
				<string>4D3A1C6442565C755FFEBF6A</string>
			</array>
			<key>isa</key>
			<string>PBXGroup</string>
			<key>sourceTree</key>
			<string>&lt;group&gt;</string>
		</dict>
		<key>161F596918CA8F58006777E1</key>
		<dict>
			<key>attributes</key>
			<dict>
				<key>CLASSPREFIX</key>
				<string>FF</string>
				<key>LastUpgradeCheck</key>
				<string>0500</string>
				<key>ORGANIZATIONNAME</key>
				<string>FFORM</string>
				<key>TargetAttributes</key>
				<dict>
					<key>161F597018CA8F58006777E1</key>
					<dict>
						<key>DevelopmentTeam</key>
						<string>Q8H5WZAY8E</string>
					</dict>
					<key>161F598B18CA8F58006777E1</key>
					<dict>
						<key>TestTargetID</key>
						<string>161F597018CA8F58006777E1</string>
					</dict>
				</dict>
			</dict>
			<key>buildConfigurationList</key>
			<string>161F596C18CA8F58006777E1</string>
			<key>compatibilityVersion</key>
			<string>Xcode 3.2</string>
			<key>developmentRegion</key>
			<string>English</string>
			<key>hasScannedForEncodings</key>
			<string>0</string>
			<key>isa</key>
			<string>PBXProject</string>
			<key>knownRegions</key>
			<array>
				<string>en</string>
			</array>
			<key>mainGroup</key>
			<string>161F596818CA8F58006777E1</string>
			<key>productRefGroup</key>
			<string>161F597218CA8F58006777E1</string>
			<key>projectDirPath</key>
			<string></string>
			<key>projectReferences</key>
			<array/>
			<key>projectRoot</key>
			<string></string>
			<key>targets</key>
			<array>
				<string>161F597018CA8F58006777E1</string>
				<string>161F598B18CA8F58006777E1</string>
			</array>
		</dict>
		<key>161F596C18CA8F58006777E1</key>
		<dict>
			<key>buildConfigurations</key>
			<array>
				<string>161F599B18CA8F58006777E1</string>
				<string>1679C4E818EB4DEC00854F66</string>
				<string>161F599C18CA8F58006777E1</string>
			</array>
			<key>defaultConfigurationIsVisible</key>
			<string>0</string>
			<key>defaultConfigurationName</key>
			<string>Release</string>
			<key>isa</key>
			<string>XCConfigurationList</string>
		</dict>
		<key>161F596D18CA8F58006777E1</key>
		<dict>
			<key>buildActionMask</key>
			<string>2147483647</string>
			<key>files</key>
			<array>
				<string>161F598518CA8F58006777E1</string>
				<string>1634C84118F9FAA900B283DF</string>
				<string>162A8CE418CCD09400A7AC80</string>
				<string>161F59AA18CAAB96006777E1</string>
				<string>161F59A718CAA846006777E1</string>
				<string>162EA91D18EA9B18008F79AE</string>
				<string>161F59B018CAAC86006777E1</string>
				<string>16CEBC2A18CD9C6000B58E24</string>
				<string>162A8CE118CCCF9A00A7AC80</string>
				<string>161F59B318CAAD0A006777E1</string>
				<string>169B43CF18DA12A000B3CC21</string>
				<string>161F598118CA8F58006777E1</string>
			</array>
			<key>isa</key>
			<string>PBXSourcesBuildPhase</string>
			<key>runOnlyForDeploymentPostprocessing</key>
			<string>0</string>
		</dict>
		<key>161F596E18CA8F58006777E1</key>
		<dict>
			<key>buildActionMask</key>
			<string>2147483647</string>
			<key>files</key>
			<array>
				<string>169B43D118DA173100B3CC21</string>
				<string>161F597718CA8F58006777E1</string>
				<string>161F597918CA8F58006777E1</string>
				<string>161F597518CA8F58006777E1</string>
				<string>688CA417690540C98C30B050</string>
			</array>
			<key>isa</key>
			<string>PBXFrameworksBuildPhase</string>
			<key>runOnlyForDeploymentPostprocessing</key>
			<string>0</string>
		</dict>
		<key>161F596F18CA8F58006777E1</key>
		<dict>
			<key>buildActionMask</key>
			<string>2147483647</string>
			<key>files</key>
			<array>
				<string>16CEBC2E18CD9C6A00B58E24</string>
				<string>16CEBC3018CDA73700B58E24</string>
				<string>161F597F18CA8F58006777E1</string>
				<string>161F59A418CA8FDC006777E1</string>
				<string>16CEBC2D18CD9C6A00B58E24</string>
			</array>
			<key>isa</key>
			<string>PBXResourcesBuildPhase</string>
			<key>runOnlyForDeploymentPostprocessing</key>
			<string>0</string>
		</dict>
		<key>161F597018CA8F58006777E1</key>
		<dict>
			<key>buildConfigurationList</key>
			<string>161F599D18CA8F58006777E1</string>
			<key>buildPhases</key>
			<array>
				<string>55CDAB103CB14791A431FEEB</string>
				<string>161F596D18CA8F58006777E1</string>
				<string>161F596E18CA8F58006777E1</string>
				<string>161F596F18CA8F58006777E1</string>
				<string>327D653F2F314467ACEC5E55</string>
			</array>
			<key>buildRules</key>
			<array/>
			<key>dependencies</key>
			<array/>
			<key>isa</key>
			<string>PBXNativeTarget</string>
			<key>name</key>
			<string>MeowMeowBeenz</string>
			<key>productName</key>
			<string>MeowMeowBeenz</string>
			<key>productReference</key>
			<string>161F597118CA8F58006777E1</string>
			<key>productType</key>
			<string>com.apple.product-type.application</string>
		</dict>
		<key>161F597118CA8F58006777E1</key>
		<dict>
			<key>explicitFileType</key>
			<string>wrapper.application</string>
			<key>includeInIndex</key>
			<string>0</string>
			<key>isa</key>
			<string>PBXFileReference</string>
			<key>path</key>
			<string>MeowMeowBeenz.app</string>
			<key>sourceTree</key>
			<string>BUILT_PRODUCTS_DIR</string>
		</dict>
		<key>161F597218CA8F58006777E1</key>
		<dict>
			<key>children</key>
			<array>
				<string>161F597118CA8F58006777E1</string>
				<string>161F598C18CA8F58006777E1</string>
			</array>
			<key>isa</key>
			<string>PBXGroup</string>
			<key>name</key>
			<string>Products</string>
			<key>sourceTree</key>
			<string>&lt;group&gt;</string>
		</dict>
		<key>161F597318CA8F58006777E1</key>
		<dict>
			<key>children</key>
			<array>
				<string>169B43D018DA173100B3CC21</string>
				<string>161F597418CA8F58006777E1</string>
				<string>161F597618CA8F58006777E1</string>
				<string>161F597818CA8F58006777E1</string>
				<string>161F598D18CA8F58006777E1</string>
				<string>2213F6691EA84023B9F0FC6F</string>
			</array>
			<key>isa</key>
			<string>PBXGroup</string>
			<key>name</key>
			<string>Frameworks</string>
			<key>sourceTree</key>
			<string>&lt;group&gt;</string>
		</dict>
		<key>161F597418CA8F58006777E1</key>
		<dict>
			<key>isa</key>
			<string>PBXFileReference</string>
			<key>lastKnownFileType</key>
			<string>wrapper.framework</string>
			<key>name</key>
			<string>Foundation.framework</string>
			<key>path</key>
			<string>System/Library/Frameworks/Foundation.framework</string>
			<key>sourceTree</key>
			<string>SDKROOT</string>
		</dict>
		<key>161F597518CA8F58006777E1</key>
		<dict>
			<key>fileRef</key>
			<string>161F597418CA8F58006777E1</string>
			<key>isa</key>
			<string>PBXBuildFile</string>
		</dict>
		<key>161F597618CA8F58006777E1</key>
		<dict>
			<key>isa</key>
			<string>PBXFileReference</string>
			<key>lastKnownFileType</key>
			<string>wrapper.framework</string>
			<key>name</key>
			<string>CoreGraphics.framework</string>
			<key>path</key>
			<string>System/Library/Frameworks/CoreGraphics.framework</string>
			<key>sourceTree</key>
			<string>SDKROOT</string>
		</dict>
		<key>161F597718CA8F58006777E1</key>
		<dict>
			<key>fileRef</key>
			<string>161F597618CA8F58006777E1</string>
			<key>isa</key>
			<string>PBXBuildFile</string>
		</dict>
		<key>161F597818CA8F58006777E1</key>
		<dict>
			<key>isa</key>
			<string>PBXFileReference</string>
			<key>lastKnownFileType</key>
			<string>wrapper.framework</string>
			<key>name</key>
			<string>UIKit.framework</string>
			<key>path</key>
			<string>System/Library/Frameworks/UIKit.framework</string>
			<key>sourceTree</key>
			<string>SDKROOT</string>
		</dict>
		<key>161F597918CA8F58006777E1</key>
		<dict>
			<key>fileRef</key>
			<string>161F597818CA8F58006777E1</string>
			<key>isa</key>
			<string>PBXBuildFile</string>
		</dict>
		<key>161F597A18CA8F58006777E1</key>
		<dict>
			<key>children</key>
			<array>
				<string>16CEBC2F18CDA73700B58E24</string>
				<string>16CEBC2B18CD9C6A00B58E24</string>
				<string>16CEBC2C18CD9C6A00B58E24</string>
				<string>161F598318CA8F58006777E1</string>
				<string>161F598418CA8F58006777E1</string>
				<string>161F597B18CA8F58006777E1</string>
			</array>
			<key>isa</key>
			<string>PBXGroup</string>
			<key>path</key>
			<string>MeowMeowBeenz</string>
			<key>sourceTree</key>
			<string>&lt;group&gt;</string>
		</dict>
		<key>161F597B18CA8F58006777E1</key>
		<dict>
			<key>children</key>
			<array>
				<string>161F597C18CA8F58006777E1</string>
				<string>161F597D18CA8F58006777E1</string>
				<string>161F598018CA8F58006777E1</string>
				<string>161F598218CA8F58006777E1</string>
			</array>
			<key>isa</key>
			<string>PBXGroup</string>
			<key>name</key>
			<string>Supporting Files</string>
			<key>sourceTree</key>
			<string>&lt;group&gt;</string>
		</dict>
		<key>161F597C18CA8F58006777E1</key>
		<dict>
			<key>isa</key>
			<string>PBXFileReference</string>
			<key>lastKnownFileType</key>
			<string>text.plist.xml</string>
			<key>path</key>
			<string>MeowMeowBeenz-Info.plist</string>
			<key>sourceTree</key>
			<string>&lt;group&gt;</string>
		</dict>
		<key>161F597D18CA8F58006777E1</key>
		<dict>
			<key>children</key>
			<array>
				<string>161F597E18CA8F58006777E1</string>
			</array>
			<key>isa</key>
			<string>PBXVariantGroup</string>
			<key>name</key>
			<string>InfoPlist.strings</string>
			<key>sourceTree</key>
			<string>&lt;group&gt;</string>
		</dict>
		<key>161F597E18CA8F58006777E1</key>
		<dict>
			<key>isa</key>
			<string>PBXFileReference</string>
			<key>lastKnownFileType</key>
			<string>text.plist.strings</string>
			<key>name</key>
			<string>en</string>
			<key>path</key>
			<string>en.lproj/InfoPlist.strings</string>
			<key>sourceTree</key>
			<string>&lt;group&gt;</string>
		</dict>
		<key>161F597F18CA8F58006777E1</key>
		<dict>
			<key>fileRef</key>
			<string>161F597D18CA8F58006777E1</string>
			<key>isa</key>
			<string>PBXBuildFile</string>
		</dict>
		<key>161F598018CA8F58006777E1</key>
		<dict>
			<key>isa</key>
			<string>PBXFileReference</string>
			<key>lastKnownFileType</key>
			<string>sourcecode.c.objc</string>
			<key>path</key>
			<string>main.m</string>
			<key>sourceTree</key>
			<string>&lt;group&gt;</string>
		</dict>
		<key>161F598118CA8F58006777E1</key>
		<dict>
			<key>fileRef</key>
			<string>161F598018CA8F58006777E1</string>
			<key>isa</key>
			<string>PBXBuildFile</string>
		</dict>
		<key>161F598218CA8F58006777E1</key>
		<dict>
			<key>isa</key>
			<string>PBXFileReference</string>
			<key>lastKnownFileType</key>
			<string>sourcecode.c.h</string>
			<key>path</key>
			<string>MeowMeowBeenz-Prefix.pch</string>
			<key>sourceTree</key>
			<string>&lt;group&gt;</string>
		</dict>
		<key>161F598318CA8F58006777E1</key>
		<dict>
			<key>isa</key>
			<string>PBXFileReference</string>
			<key>lastKnownFileType</key>
			<string>sourcecode.c.h</string>
			<key>path</key>
			<string>FFAppDelegate.h</string>
			<key>sourceTree</key>
			<string>&lt;group&gt;</string>
		</dict>
		<key>161F598418CA8F58006777E1</key>
		<dict>
			<key>isa</key>
			<string>PBXFileReference</string>
			<key>lastKnownFileType</key>
			<string>sourcecode.c.objc</string>
			<key>path</key>
			<string>FFAppDelegate.m</string>
			<key>sourceTree</key>
			<string>&lt;group&gt;</string>
		</dict>
		<key>161F598518CA8F58006777E1</key>
		<dict>
			<key>fileRef</key>
			<string>161F598418CA8F58006777E1</string>
			<key>isa</key>
			<string>PBXBuildFile</string>
		</dict>
		<key>161F598818CA8F58006777E1</key>
		<dict>
			<key>buildActionMask</key>
			<string>2147483647</string>
			<key>files</key>
			<array>
				<string>161F599A18CA8F58006777E1</string>
			</array>
			<key>isa</key>
			<string>PBXSourcesBuildPhase</string>
			<key>runOnlyForDeploymentPostprocessing</key>
			<string>0</string>
		</dict>
		<key>161F598918CA8F58006777E1</key>
		<dict>
			<key>buildActionMask</key>
			<string>2147483647</string>
			<key>files</key>
			<array>
				<string>161F598E18CA8F58006777E1</string>
				<string>161F599018CA8F58006777E1</string>
				<string>161F598F18CA8F58006777E1</string>
			</array>
			<key>isa</key>
			<string>PBXFrameworksBuildPhase</string>
			<key>runOnlyForDeploymentPostprocessing</key>
			<string>0</string>
		</dict>
		<key>161F598A18CA8F58006777E1</key>
		<dict>
			<key>buildActionMask</key>
			<string>2147483647</string>
			<key>files</key>
			<array>
				<string>161F599818CA8F58006777E1</string>
			</array>
			<key>isa</key>
			<string>PBXResourcesBuildPhase</string>
			<key>runOnlyForDeploymentPostprocessing</key>
			<string>0</string>
		</dict>
		<key>161F598B18CA8F58006777E1</key>
		<dict>
			<key>buildConfigurationList</key>
			<string>161F59A018CA8F58006777E1</string>
			<key>buildPhases</key>
			<array>
				<string>161F598818CA8F58006777E1</string>
				<string>161F598918CA8F58006777E1</string>
				<string>161F598A18CA8F58006777E1</string>
			</array>
			<key>buildRules</key>
			<array/>
			<key>dependencies</key>
			<array>
				<string>161F599218CA8F58006777E1</string>
			</array>
			<key>isa</key>
			<string>PBXNativeTarget</string>
			<key>name</key>
			<string>MeowMeowBeenzTests</string>
			<key>productName</key>
			<string>MeowMeowBeenzTests</string>
			<key>productReference</key>
			<string>161F598C18CA8F58006777E1</string>
			<key>productType</key>
			<string>com.apple.product-type.bundle.unit-test</string>
		</dict>
		<key>161F598C18CA8F58006777E1</key>
		<dict>
			<key>explicitFileType</key>
			<string>wrapper.cfbundle</string>
			<key>includeInIndex</key>
			<string>0</string>
			<key>isa</key>
			<string>PBXFileReference</string>
			<key>path</key>
			<string>MeowMeowBeenzTests.xctest</string>
			<key>sourceTree</key>
			<string>BUILT_PRODUCTS_DIR</string>
		</dict>
		<key>161F598D18CA8F58006777E1</key>
		<dict>
			<key>isa</key>
			<string>PBXFileReference</string>
			<key>lastKnownFileType</key>
			<string>wrapper.framework</string>
			<key>name</key>
			<string>XCTest.framework</string>
			<key>path</key>
			<string>Library/Frameworks/XCTest.framework</string>
			<key>sourceTree</key>
			<string>DEVELOPER_DIR</string>
		</dict>
		<key>161F598E18CA8F58006777E1</key>
		<dict>
			<key>fileRef</key>
			<string>161F598D18CA8F58006777E1</string>
			<key>isa</key>
			<string>PBXBuildFile</string>
		</dict>
		<key>161F598F18CA8F58006777E1</key>
		<dict>
			<key>fileRef</key>
			<string>161F597418CA8F58006777E1</string>
			<key>isa</key>
			<string>PBXBuildFile</string>
		</dict>
		<key>161F599018CA8F58006777E1</key>
		<dict>
			<key>fileRef</key>
			<string>161F597818CA8F58006777E1</string>
			<key>isa</key>
			<string>PBXBuildFile</string>
		</dict>
		<key>161F599118CA8F58006777E1</key>
		<dict>
			<key>containerPortal</key>
			<string>161F596918CA8F58006777E1</string>
			<key>isa</key>
			<string>PBXContainerItemProxy</string>
			<key>proxyType</key>
			<string>1</string>
			<key>remoteGlobalIDString</key>
			<string>161F597018CA8F58006777E1</string>
			<key>remoteInfo</key>
			<string>MeowMeowBeenz</string>
		</dict>
		<key>161F599218CA8F58006777E1</key>
		<dict>
			<key>isa</key>
			<string>PBXTargetDependency</string>
			<key>target</key>
			<string>161F597018CA8F58006777E1</string>
			<key>targetProxy</key>
			<string>161F599118CA8F58006777E1</string>
		</dict>
		<key>161F599318CA8F58006777E1</key>
		<dict>
			<key>children</key>
			<array>
				<string>161F599918CA8F58006777E1</string>
				<string>161F599418CA8F58006777E1</string>
			</array>
			<key>isa</key>
			<string>PBXGroup</string>
			<key>path</key>
			<string>MeowMeowBeenzTests</string>
			<key>sourceTree</key>
			<string>&lt;group&gt;</string>
		</dict>
		<key>161F599418CA8F58006777E1</key>
		<dict>
			<key>children</key>
			<array>
				<string>161F599518CA8F58006777E1</string>
				<string>161F599618CA8F58006777E1</string>
			</array>
			<key>isa</key>
			<string>PBXGroup</string>
			<key>name</key>
			<string>Supporting Files</string>
			<key>sourceTree</key>
			<string>&lt;group&gt;</string>
		</dict>
		<key>161F599518CA8F58006777E1</key>
		<dict>
			<key>isa</key>
			<string>PBXFileReference</string>
			<key>lastKnownFileType</key>
			<string>text.plist.xml</string>
			<key>path</key>
			<string>MeowMeowBeenzTests-Info.plist</string>
			<key>sourceTree</key>
			<string>&lt;group&gt;</string>
		</dict>
		<key>161F599618CA8F58006777E1</key>
		<dict>
			<key>children</key>
			<array>
				<string>161F599718CA8F58006777E1</string>
			</array>
			<key>isa</key>
			<string>PBXVariantGroup</string>
			<key>name</key>
			<string>InfoPlist.strings</string>
			<key>sourceTree</key>
			<string>&lt;group&gt;</string>
		</dict>
		<key>161F599718CA8F58006777E1</key>
		<dict>
			<key>isa</key>
			<string>PBXFileReference</string>
			<key>lastKnownFileType</key>
			<string>text.plist.strings</string>
			<key>name</key>
			<string>en</string>
			<key>path</key>
			<string>en.lproj/InfoPlist.strings</string>
			<key>sourceTree</key>
			<string>&lt;group&gt;</string>
		</dict>
		<key>161F599818CA8F58006777E1</key>
		<dict>
			<key>fileRef</key>
			<string>161F599618CA8F58006777E1</string>
			<key>isa</key>
			<string>PBXBuildFile</string>
		</dict>
		<key>161F599918CA8F58006777E1</key>
		<dict>
			<key>isa</key>
			<string>PBXFileReference</string>
			<key>lastKnownFileType</key>
			<string>sourcecode.c.objc</string>
			<key>path</key>
			<string>MeowMeowBeenzTests.m</string>
			<key>sourceTree</key>
			<string>&lt;group&gt;</string>
		</dict>
		<key>161F599A18CA8F58006777E1</key>
		<dict>
			<key>fileRef</key>
			<string>161F599918CA8F58006777E1</string>
			<key>isa</key>
			<string>PBXBuildFile</string>
		</dict>
		<key>161F599B18CA8F58006777E1</key>
		<dict>
			<key>buildSettings</key>
			<dict>
				<key>ALWAYS_SEARCH_USER_PATHS</key>
				<string>NO</string>
				<key>ARCHS</key>
				<string>$(ARCHS_STANDARD_INCLUDING_64_BIT)</string>
				<key>CLANG_CXX_LANGUAGE_STANDARD</key>
				<string>gnu++0x</string>
				<key>CLANG_CXX_LIBRARY</key>
				<string>libc++</string>
				<key>CLANG_ENABLE_MODULES</key>
				<string>YES</string>
				<key>CLANG_ENABLE_OBJC_ARC</key>
				<string>YES</string>
				<key>CLANG_WARN_BOOL_CONVERSION</key>
				<string>YES</string>
				<key>CLANG_WARN_CONSTANT_CONVERSION</key>
				<string>YES</string>
				<key>CLANG_WARN_DIRECT_OBJC_ISA_USAGE</key>
				<string>YES_ERROR</string>
				<key>CLANG_WARN_EMPTY_BODY</key>
				<string>YES</string>
				<key>CLANG_WARN_ENUM_CONVERSION</key>
				<string>YES</string>
				<key>CLANG_WARN_INT_CONVERSION</key>
				<string>YES</string>
				<key>CLANG_WARN_OBJC_ROOT_CLASS</key>
				<string>YES_ERROR</string>
				<key>CLANG_WARN__DUPLICATE_METHOD_MATCH</key>
				<string>YES</string>
				<key>CODE_SIGN_IDENTITY[sdk=iphoneos*]</key>
				<string></string>
				<key>COPY_PHASE_STRIP</key>
				<string>NO</string>
				<key>GCC_C_LANGUAGE_STANDARD</key>
				<string>gnu99</string>
				<key>GCC_DYNAMIC_NO_PIC</key>
				<string>NO</string>
				<key>GCC_OPTIMIZATION_LEVEL</key>
				<string>0</string>
				<key>GCC_PREPROCESSOR_DEFINITIONS</key>
				<array>
					<string>DEBUG=1</string>
					<string>$(inherited)</string>
				</array>
				<key>GCC_SYMBOLS_PRIVATE_EXTERN</key>
				<string>NO</string>
				<key>GCC_WARN_64_TO_32_BIT_CONVERSION</key>
				<string>YES</string>
				<key>GCC_WARN_ABOUT_RETURN_TYPE</key>
				<string>YES_ERROR</string>
				<key>GCC_WARN_UNDECLARED_SELECTOR</key>
				<string>YES</string>
				<key>GCC_WARN_UNINITIALIZED_AUTOS</key>
				<string>YES</string>
				<key>GCC_WARN_UNUSED_FUNCTION</key>
				<string>YES</string>
				<key>GCC_WARN_UNUSED_VARIABLE</key>
				<string>YES</string>
				<key>IPHONEOS_DEPLOYMENT_TARGET</key>
				<string>7.0</string>
				<key>ONLY_ACTIVE_ARCH</key>
				<string>YES</string>
				<key>PROVISIONING_PROFILE</key>
				<string>AC4F7EB9-48F7-412B-9647-65F5BDDEF294</string>
				<key>SDKROOT</key>
				<string>iphoneos</string>
			</dict>
			<key>isa</key>
			<string>XCBuildConfiguration</string>
			<key>name</key>
			<string>Debug</string>
		</dict>
		<key>161F599C18CA8F58006777E1</key>
		<dict>
			<key>buildSettings</key>
			<dict>
				<key>ALWAYS_SEARCH_USER_PATHS</key>
				<string>NO</string>
				<key>ARCHS</key>
				<string>$(ARCHS_STANDARD_INCLUDING_64_BIT)</string>
				<key>CLANG_CXX_LANGUAGE_STANDARD</key>
				<string>gnu++0x</string>
				<key>CLANG_CXX_LIBRARY</key>
				<string>libc++</string>
				<key>CLANG_ENABLE_MODULES</key>
				<string>YES</string>
				<key>CLANG_ENABLE_OBJC_ARC</key>
				<string>YES</string>
				<key>CLANG_WARN_BOOL_CONVERSION</key>
				<string>YES</string>
				<key>CLANG_WARN_CONSTANT_CONVERSION</key>
				<string>YES</string>
				<key>CLANG_WARN_DIRECT_OBJC_ISA_USAGE</key>
				<string>YES_ERROR</string>
				<key>CLANG_WARN_EMPTY_BODY</key>
				<string>YES</string>
				<key>CLANG_WARN_ENUM_CONVERSION</key>
				<string>YES</string>
				<key>CLANG_WARN_INT_CONVERSION</key>
				<string>YES</string>
				<key>CLANG_WARN_OBJC_ROOT_CLASS</key>
				<string>YES_ERROR</string>
				<key>CLANG_WARN__DUPLICATE_METHOD_MATCH</key>
				<string>YES</string>
				<key>CODE_SIGN_IDENTITY[sdk=iphoneos*]</key>
				<string></string>
				<key>COPY_PHASE_STRIP</key>
				<string>YES</string>
				<key>ENABLE_NS_ASSERTIONS</key>
				<string>NO</string>
				<key>GCC_C_LANGUAGE_STANDARD</key>
				<string>gnu99</string>
				<key>GCC_WARN_64_TO_32_BIT_CONVERSION</key>
				<string>YES</string>
				<key>GCC_WARN_ABOUT_RETURN_TYPE</key>
				<string>YES_ERROR</string>
				<key>GCC_WARN_UNDECLARED_SELECTOR</key>
				<string>YES</string>
				<key>GCC_WARN_UNINITIALIZED_AUTOS</key>
				<string>YES</string>
				<key>GCC_WARN_UNUSED_FUNCTION</key>
				<string>YES</string>
				<key>GCC_WARN_UNUSED_VARIABLE</key>
				<string>YES</string>
				<key>IPHONEOS_DEPLOYMENT_TARGET</key>
				<string>7.0</string>
				<key>PROVISIONING_PROFILE</key>
				<string>2EA942E5-D693-470B-811F-845EAB5C49BD</string>
				<key>SDKROOT</key>
				<string>iphoneos</string>
				<key>VALIDATE_PRODUCT</key>
				<string>YES</string>
			</dict>
			<key>isa</key>
			<string>XCBuildConfiguration</string>
			<key>name</key>
			<string>Release</string>
		</dict>
		<key>161F599D18CA8F58006777E1</key>
		<dict>
			<key>buildConfigurations</key>
			<array>
				<string>161F599E18CA8F58006777E1</string>
				<string>1679C4E918EB4DEC00854F66</string>
				<string>161F599F18CA8F58006777E1</string>
			</array>
			<key>defaultConfigurationIsVisible</key>
			<string>0</string>
			<key>defaultConfigurationName</key>
			<string>Release</string>
			<key>isa</key>
			<string>XCConfigurationList</string>
		</dict>
		<key>161F599E18CA8F58006777E1</key>
		<dict>
			<key>baseConfigurationReference</key>
			<string>8ECCA002DE6D1C123AECB679</string>
			<key>buildSettings</key>
			<dict>
				<key>ASSETCATALOG_COMPILER_APPICON_NAME</key>
				<string>AppIcon</string>
				<key>ASSETCATALOG_COMPILER_LAUNCHIMAGE_NAME</key>
				<string>LaunchImage</string>
				<key>CODE_SIGN_IDENTITY</key>
				<string>iPhone Developer: William Froelich (P3T5YJPZ94)</string>
				<key>GCC_PRECOMPILE_PREFIX_HEADER</key>
				<string>YES</string>
				<key>GCC_PREFIX_HEADER</key>
				<string>MeowMeowBeenz/MeowMeowBeenz-Prefix.pch</string>
				<key>INFOPLIST_FILE</key>
				<string>MeowMeowBeenz/MeowMeowBeenz-Info.plist</string>
				<key>IPHONEOS_DEPLOYMENT_TARGET</key>
				<string>7.0</string>
				<key>PRODUCT_NAME</key>
				<string>$(TARGET_NAME)</string>
				<key>PROVISIONING_PROFILE</key>
				<string>77A6996B-83F2-4440-B036-4D91C26B7F22</string>
				<key>WRAPPER_EXTENSION</key>
				<string>app</string>
			</dict>
			<key>isa</key>
			<string>XCBuildConfiguration</string>
			<key>name</key>
			<string>Debug</string>
		</dict>
		<key>161F599F18CA8F58006777E1</key>
		<dict>
			<key>baseConfigurationReference</key>
			<string>3620AC1407305D38075F6210</string>
			<key>buildSettings</key>
			<dict>
				<key>ASSETCATALOG_COMPILER_APPICON_NAME</key>
				<string>AppIcon</string>
				<key>ASSETCATALOG_COMPILER_LAUNCHIMAGE_NAME</key>
				<string>LaunchImage</string>
				<key>CODE_SIGN_IDENTITY</key>
				<string>iPhone Distribution: William Froelich (Q8H5WZAY8E)</string>
				<key>GCC_PRECOMPILE_PREFIX_HEADER</key>
				<string>YES</string>
				<key>GCC_PREFIX_HEADER</key>
				<string>MeowMeowBeenz/MeowMeowBeenz-Prefix.pch</string>
				<key>INFOPLIST_FILE</key>
				<string>MeowMeowBeenz/MeowMeowBeenz-Info.plist</string>
				<key>IPHONEOS_DEPLOYMENT_TARGET</key>
				<string>7.0</string>
				<key>PRODUCT_NAME</key>
				<string>$(TARGET_NAME)</string>
				<key>PROVISIONING_PROFILE</key>
				<string>2EA942E5-D693-470B-811F-845EAB5C49BD</string>
				<key>WRAPPER_EXTENSION</key>
				<string>app</string>
			</dict>
			<key>isa</key>
			<string>XCBuildConfiguration</string>
			<key>name</key>
			<string>Release</string>
		</dict>
		<key>161F59A018CA8F58006777E1</key>
		<dict>
			<key>buildConfigurations</key>
			<array>
				<string>161F59A118CA8F58006777E1</string>
				<string>1679C4EA18EB4DEC00854F66</string>
				<string>161F59A218CA8F58006777E1</string>
			</array>
			<key>defaultConfigurationIsVisible</key>
			<string>0</string>
			<key>defaultConfigurationName</key>
			<string>Release</string>
			<key>isa</key>
			<string>XCConfigurationList</string>
		</dict>
		<key>161F59A118CA8F58006777E1</key>
		<dict>
			<key>buildSettings</key>
			<dict>
				<key>ARCHS</key>
				<string>$(ARCHS_STANDARD_INCLUDING_64_BIT)</string>
				<key>BUNDLE_LOADER</key>
				<string>$(BUILT_PRODUCTS_DIR)/MeowMeowBeenz.app/MeowMeowBeenz</string>
				<key>FRAMEWORK_SEARCH_PATHS</key>
				<array>
					<string>$(SDKROOT)/Developer/Library/Frameworks</string>
					<string>$(inherited)</string>
					<string>$(DEVELOPER_FRAMEWORKS_DIR)</string>
				</array>
				<key>GCC_PRECOMPILE_PREFIX_HEADER</key>
				<string>YES</string>
				<key>GCC_PREFIX_HEADER</key>
				<string>MeowMeowBeenz/MeowMeowBeenz-Prefix.pch</string>
				<key>GCC_PREPROCESSOR_DEFINITIONS</key>
				<array>
					<string>DEBUG=1</string>
					<string>$(inherited)</string>
				</array>
				<key>INFOPLIST_FILE</key>
				<string>MeowMeowBeenzTests/MeowMeowBeenzTests-Info.plist</string>
				<key>PRODUCT_NAME</key>
				<string>$(TARGET_NAME)</string>
				<key>TEST_HOST</key>
				<string>$(BUNDLE_LOADER)</string>
				<key>WRAPPER_EXTENSION</key>
				<string>xctest</string>
			</dict>
			<key>isa</key>
			<string>XCBuildConfiguration</string>
			<key>name</key>
			<string>Debug</string>
		</dict>
		<key>161F59A218CA8F58006777E1</key>
		<dict>
			<key>buildSettings</key>
			<dict>
				<key>ARCHS</key>
				<string>$(ARCHS_STANDARD_INCLUDING_64_BIT)</string>
				<key>BUNDLE_LOADER</key>
				<string>$(BUILT_PRODUCTS_DIR)/MeowMeowBeenz.app/MeowMeowBeenz</string>
				<key>FRAMEWORK_SEARCH_PATHS</key>
				<array>
					<string>$(SDKROOT)/Developer/Library/Frameworks</string>
					<string>$(inherited)</string>
					<string>$(DEVELOPER_FRAMEWORKS_DIR)</string>
				</array>
				<key>GCC_PRECOMPILE_PREFIX_HEADER</key>
				<string>YES</string>
				<key>GCC_PREFIX_HEADER</key>
				<string>MeowMeowBeenz/MeowMeowBeenz-Prefix.pch</string>
				<key>INFOPLIST_FILE</key>
				<string>MeowMeowBeenzTests/MeowMeowBeenzTests-Info.plist</string>
				<key>PRODUCT_NAME</key>
				<string>$(TARGET_NAME)</string>
				<key>TEST_HOST</key>
				<string>$(BUNDLE_LOADER)</string>
				<key>WRAPPER_EXTENSION</key>
				<string>xctest</string>
			</dict>
			<key>isa</key>
			<string>XCBuildConfiguration</string>
			<key>name</key>
			<string>Release</string>
		</dict>
		<key>161F59A318CA8FDC006777E1</key>
		<dict>
			<key>fileEncoding</key>
			<string>4</string>
			<key>isa</key>
			<string>PBXFileReference</string>
			<key>lastKnownFileType</key>
			<string>file.storyboard</string>
			<key>path</key>
			<string>Storyboard.storyboard</string>
			<key>sourceTree</key>
			<string>&lt;group&gt;</string>
		</dict>
		<key>161F59A418CA8FDC006777E1</key>
		<dict>
			<key>fileRef</key>
			<string>161F59A318CA8FDC006777E1</string>
			<key>isa</key>
			<string>PBXBuildFile</string>
		</dict>
		<key>161F59A518CAA846006777E1</key>
		<dict>
			<key>fileEncoding</key>
			<string>4</string>
			<key>isa</key>
			<string>PBXFileReference</string>
			<key>lastKnownFileType</key>
			<string>sourcecode.c.h</string>
			<key>name</key>
			<string>FFRegisterViewController.h</string>
			<key>path</key>
			<string>MeowMeowBeenz/FFRegisterViewController.h</string>
			<key>sourceTree</key>
			<string>&lt;group&gt;</string>
		</dict>
		<key>161F59A618CAA846006777E1</key>
		<dict>
			<key>fileEncoding</key>
			<string>4</string>
			<key>isa</key>
			<string>PBXFileReference</string>
			<key>lastKnownFileType</key>
			<string>sourcecode.c.objc</string>
			<key>name</key>
			<string>FFRegisterViewController.m</string>
			<key>path</key>
			<string>MeowMeowBeenz/FFRegisterViewController.m</string>
			<key>sourceTree</key>
			<string>&lt;group&gt;</string>
		</dict>
		<key>161F59A718CAA846006777E1</key>
		<dict>
			<key>fileRef</key>
			<string>161F59A618CAA846006777E1</string>
			<key>isa</key>
			<string>PBXBuildFile</string>
		</dict>
		<key>161F59A818CAAB96006777E1</key>
		<dict>
			<key>fileEncoding</key>
			<string>4</string>
			<key>isa</key>
			<string>PBXFileReference</string>
			<key>lastKnownFileType</key>
			<string>sourcecode.c.h</string>
			<key>name</key>
			<string>FFHomeViewController.h</string>
			<key>path</key>
			<string>MeowMeowBeenz/FFHomeViewController.h</string>
			<key>sourceTree</key>
			<string>&lt;group&gt;</string>
		</dict>
		<key>161F59A918CAAB96006777E1</key>
		<dict>
			<key>fileEncoding</key>
			<string>4</string>
			<key>isa</key>
			<string>PBXFileReference</string>
			<key>lastKnownFileType</key>
			<string>sourcecode.c.objc</string>
			<key>name</key>
			<string>FFHomeViewController.m</string>
			<key>path</key>
			<string>MeowMeowBeenz/FFHomeViewController.m</string>
			<key>sourceTree</key>
			<string>&lt;group&gt;</string>
		</dict>
		<key>161F59AA18CAAB96006777E1</key>
		<dict>
			<key>fileRef</key>
			<string>161F59A918CAAB96006777E1</string>
			<key>isa</key>
			<string>PBXBuildFile</string>
		</dict>
		<key>161F59AE18CAAC86006777E1</key>
		<dict>
			<key>fileEncoding</key>
			<string>4</string>
			<key>isa</key>
			<string>PBXFileReference</string>
			<key>lastKnownFileType</key>
			<string>sourcecode.c.h</string>
			<key>name</key>
			<string>FFMeowViewController.h</string>
			<key>path</key>
			<string>MeowMeowBeenz/FFMeowViewController.h</string>
			<key>sourceTree</key>
			<string>&lt;group&gt;</string>
		</dict>
		<key>161F59AF18CAAC86006777E1</key>
		<dict>
			<key>fileEncoding</key>
			<string>4</string>
			<key>isa</key>
			<string>PBXFileReference</string>
			<key>lastKnownFileType</key>
			<string>sourcecode.c.objc</string>
			<key>name</key>
			<string>FFMeowViewController.m</string>
			<key>path</key>
			<string>MeowMeowBeenz/FFMeowViewController.m</string>
			<key>sourceTree</key>
			<string>&lt;group&gt;</string>
		</dict>
		<key>161F59B018CAAC86006777E1</key>
		<dict>
			<key>fileRef</key>
			<string>161F59AF18CAAC86006777E1</string>
			<key>isa</key>
			<string>PBXBuildFile</string>
		</dict>
		<key>161F59B118CAAD0A006777E1</key>
		<dict>
			<key>fileEncoding</key>
			<string>4</string>
			<key>isa</key>
			<string>PBXFileReference</string>
			<key>lastKnownFileType</key>
			<string>sourcecode.c.h</string>
			<key>name</key>
			<string>FFLoginViewController.h</string>
			<key>path</key>
			<string>MeowMeowBeenz/FFLoginViewController.h</string>
			<key>sourceTree</key>
			<string>&lt;group&gt;</string>
		</dict>
		<key>161F59B218CAAD0A006777E1</key>
		<dict>
			<key>fileEncoding</key>
			<string>4</string>
			<key>isa</key>
			<string>PBXFileReference</string>
			<key>lastKnownFileType</key>
			<string>sourcecode.c.objc</string>
			<key>name</key>
			<string>FFLoginViewController.m</string>
			<key>path</key>
			<string>MeowMeowBeenz/FFLoginViewController.m</string>
			<key>sourceTree</key>
			<string>&lt;group&gt;</string>
		</dict>
		<key>161F59B318CAAD0A006777E1</key>
		<dict>
			<key>fileRef</key>
			<string>161F59B218CAAD0A006777E1</string>
			<key>isa</key>
			<string>PBXBuildFile</string>
		</dict>
		<key>162A8CDF18CCCF9900A7AC80</key>
		<dict>
			<key>fileEncoding</key>
			<string>4</string>
			<key>isa</key>
			<string>PBXFileReference</string>
			<key>lastKnownFileType</key>
			<string>sourcecode.c.h</string>
			<key>name</key>
			<string>FFMeowRating.h</string>
			<key>path</key>
			<string>MeowMeowBeenz/FFMeowRating.h</string>
			<key>sourceTree</key>
			<string>&lt;group&gt;</string>
		</dict>
		<key>162A8CE018CCCF9900A7AC80</key>
		<dict>
			<key>fileEncoding</key>
			<string>4</string>
			<key>isa</key>
			<string>PBXFileReference</string>
			<key>lastKnownFileType</key>
			<string>sourcecode.c.objc</string>
			<key>name</key>
			<string>FFMeowRating.m</string>
			<key>path</key>
			<string>MeowMeowBeenz/FFMeowRating.m</string>
			<key>sourceTree</key>
			<string>&lt;group&gt;</string>
		</dict>
		<key>162A8CE118CCCF9A00A7AC80</key>
		<dict>
			<key>fileRef</key>
			<string>162A8CE018CCCF9900A7AC80</string>
			<key>isa</key>
			<string>PBXBuildFile</string>
		</dict>
		<key>162A8CE218CCD09400A7AC80</key>
		<dict>
			<key>fileEncoding</key>
			<string>4</string>
			<key>isa</key>
			<string>PBXFileReference</string>
			<key>lastKnownFileType</key>
			<string>sourcecode.c.h</string>
			<key>name</key>
			<string>FFDetailViewController.h</string>
			<key>path</key>
			<string>MeowMeowBeenz/FFDetailViewController.h</string>
			<key>sourceTree</key>
			<string>&lt;group&gt;</string>
		</dict>
		<key>162A8CE318CCD09400A7AC80</key>
		<dict>
			<key>fileEncoding</key>
			<string>4</string>
			<key>isa</key>
			<string>PBXFileReference</string>
			<key>lastKnownFileType</key>
			<string>sourcecode.c.objc</string>
			<key>name</key>
			<string>FFDetailViewController.m</string>
			<key>path</key>
			<string>MeowMeowBeenz/FFDetailViewController.m</string>
			<key>sourceTree</key>
			<string>&lt;group&gt;</string>
		</dict>
		<key>162A8CE418CCD09400A7AC80</key>
		<dict>
			<key>fileRef</key>
			<string>162A8CE318CCD09400A7AC80</string>
			<key>isa</key>
			<string>PBXBuildFile</string>
		</dict>
		<key>162EA91B18EA9B18008F79AE</key>
		<dict>
			<key>fileEncoding</key>
			<string>4</string>
			<key>isa</key>
			<string>PBXFileReference</string>
			<key>lastKnownFileType</key>
			<string>sourcecode.c.h</string>
			<key>name</key>
			<string>FFAccountEditViewController.h</string>
			<key>path</key>
			<string>MeowMeowBeenz/FFAccountEditViewController.h</string>
			<key>sourceTree</key>
			<string>&lt;group&gt;</string>
		</dict>
		<key>162EA91C18EA9B18008F79AE</key>
		<dict>
			<key>fileEncoding</key>
			<string>4</string>
			<key>isa</key>
			<string>PBXFileReference</string>
			<key>lastKnownFileType</key>
			<string>sourcecode.c.objc</string>
			<key>name</key>
			<string>FFAccountEditViewController.m</string>
			<key>path</key>
			<string>MeowMeowBeenz/FFAccountEditViewController.m</string>
			<key>sourceTree</key>
			<string>&lt;group&gt;</string>
		</dict>
		<key>162EA91D18EA9B18008F79AE</key>
		<dict>
			<key>fileRef</key>
			<string>162EA91C18EA9B18008F79AE</string>
			<key>isa</key>
			<string>PBXBuildFile</string>
		</dict>
		<key>1634C83F18F9FAA900B283DF</key>
		<dict>
			<key>fileEncoding</key>
			<string>4</string>
			<key>isa</key>
			<string>PBXFileReference</string>
			<key>lastKnownFileType</key>
			<string>sourcecode.c.h</string>
			<key>path</key>
			<string>FFUserCellView.h</string>
			<key>sourceTree</key>
			<string>&lt;group&gt;</string>
		</dict>
		<key>1634C84018F9FAA900B283DF</key>
		<dict>
			<key>fileEncoding</key>
			<string>4</string>
			<key>isa</key>
			<string>PBXFileReference</string>
			<key>lastKnownFileType</key>
			<string>sourcecode.c.objc</string>
			<key>path</key>
			<string>FFUserCellView.m</string>
			<key>sourceTree</key>
			<string>&lt;group&gt;</string>
		</dict>
		<key>1634C84118F9FAA900B283DF</key>
		<dict>
			<key>fileRef</key>
			<string>1634C84018F9FAA900B283DF</string>
			<key>isa</key>
			<string>PBXBuildFile</string>
		</dict>
		<key>1679C4E818EB4DEC00854F66</key>
		<dict>
			<key>buildSettings</key>
			<dict>
				<key>ALWAYS_SEARCH_USER_PATHS</key>
				<string>NO</string>
				<key>ARCHS</key>
				<string>$(ARCHS_STANDARD_INCLUDING_64_BIT)</string>
				<key>CLANG_CXX_LANGUAGE_STANDARD</key>
				<string>gnu++0x</string>
				<key>CLANG_CXX_LIBRARY</key>
				<string>libc++</string>
				<key>CLANG_ENABLE_MODULES</key>
				<string>YES</string>
				<key>CLANG_ENABLE_OBJC_ARC</key>
				<string>YES</string>
				<key>CLANG_WARN_BOOL_CONVERSION</key>
				<string>YES</string>
				<key>CLANG_WARN_CONSTANT_CONVERSION</key>
				<string>YES</string>
				<key>CLANG_WARN_DIRECT_OBJC_ISA_USAGE</key>
				<string>YES_ERROR</string>
				<key>CLANG_WARN_EMPTY_BODY</key>
				<string>YES</string>
				<key>CLANG_WARN_ENUM_CONVERSION</key>
				<string>YES</string>
				<key>CLANG_WARN_INT_CONVERSION</key>
				<string>YES</string>
				<key>CLANG_WARN_OBJC_ROOT_CLASS</key>
				<string>YES_ERROR</string>
				<key>CLANG_WARN__DUPLICATE_METHOD_MATCH</key>
				<string>YES</string>
				<key>CODE_SIGN_IDENTITY</key>
				<string>iPhone Developer: William Froelich (P3T5YJPZ94)</string>
				<key>CODE_SIGN_IDENTITY[sdk=iphoneos*]</key>
				<string></string>
				<key>COPY_PHASE_STRIP</key>
				<string>NO</string>
				<key>GCC_C_LANGUAGE_STANDARD</key>
				<string>gnu99</string>
				<key>GCC_DYNAMIC_NO_PIC</key>
				<string>NO</string>
				<key>GCC_OPTIMIZATION_LEVEL</key>
				<string>0</string>
				<key>GCC_PREPROCESSOR_DEFINITIONS</key>
				<array>
					<string>DEBUG=1</string>
					<string>$(inherited)</string>
				</array>
				<key>GCC_SYMBOLS_PRIVATE_EXTERN</key>
				<string>NO</string>
				<key>GCC_WARN_64_TO_32_BIT_CONVERSION</key>
				<string>YES</string>
				<key>GCC_WARN_ABOUT_RETURN_TYPE</key>
				<string>YES_ERROR</string>
				<key>GCC_WARN_UNDECLARED_SELECTOR</key>
				<string>YES</string>
				<key>GCC_WARN_UNINITIALIZED_AUTOS</key>
				<string>YES</string>
				<key>GCC_WARN_UNUSED_FUNCTION</key>
				<string>YES</string>
				<key>GCC_WARN_UNUSED_VARIABLE</key>
				<string>YES</string>
				<key>IPHONEOS_DEPLOYMENT_TARGET</key>
				<string>7.0</string>
				<key>ONLY_ACTIVE_ARCH</key>
				<string>YES</string>
				<key>PROVISIONING_PROFILE</key>
				<string>AC4F7EB9-48F7-412B-9647-65F5BDDEF294</string>
				<key>SDKROOT</key>
				<string>iphoneos</string>
			</dict>
			<key>isa</key>
			<string>XCBuildConfiguration</string>
			<key>name</key>
			<string>Testflight</string>
		</dict>
		<key>1679C4E918EB4DEC00854F66</key>
		<dict>
			<key>baseConfigurationReference</key>
			<string>BEC397D79D27F5A4E7039859</string>
			<key>buildSettings</key>
			<dict>
				<key>ASSETCATALOG_COMPILER_APPICON_NAME</key>
				<string>AppIcon</string>
				<key>ASSETCATALOG_COMPILER_LAUNCHIMAGE_NAME</key>
				<string>LaunchImage</string>
				<key>CODE_SIGN_IDENTITY</key>
				<string>iPhone Distribution: William Froelich (Q8H5WZAY8E)</string>
				<key>GCC_PRECOMPILE_PREFIX_HEADER</key>
				<string>YES</string>
				<key>GCC_PREFIX_HEADER</key>
				<string>MeowMeowBeenz/MeowMeowBeenz-Prefix.pch</string>
				<key>INFOPLIST_FILE</key>
				<string>MeowMeowBeenz/MeowMeowBeenz-Info.plist</string>
				<key>IPHONEOS_DEPLOYMENT_TARGET</key>
				<string>7.0</string>
				<key>PRODUCT_NAME</key>
				<string>$(TARGET_NAME)</string>
				<key>PROVISIONING_PROFILE</key>
				<string>AC4F7EB9-48F7-412B-9647-65F5BDDEF294</string>
				<key>WRAPPER_EXTENSION</key>
				<string>app</string>
			</dict>
			<key>isa</key>
			<string>XCBuildConfiguration</string>
			<key>name</key>
			<string>Testflight</string>
		</dict>
		<key>1679C4EA18EB4DEC00854F66</key>
		<dict>
			<key>buildSettings</key>
			<dict>
				<key>ARCHS</key>
				<string>$(ARCHS_STANDARD_INCLUDING_64_BIT)</string>
				<key>BUNDLE_LOADER</key>
				<string>$(BUILT_PRODUCTS_DIR)/MeowMeowBeenz.app/MeowMeowBeenz</string>
				<key>FRAMEWORK_SEARCH_PATHS</key>
				<array>
					<string>$(SDKROOT)/Developer/Library/Frameworks</string>
					<string>$(inherited)</string>
					<string>$(DEVELOPER_FRAMEWORKS_DIR)</string>
				</array>
				<key>GCC_PRECOMPILE_PREFIX_HEADER</key>
				<string>YES</string>
				<key>GCC_PREFIX_HEADER</key>
				<string>MeowMeowBeenz/MeowMeowBeenz-Prefix.pch</string>
				<key>GCC_PREPROCESSOR_DEFINITIONS</key>
				<array>
					<string>DEBUG=1</string>
					<string>$(inherited)</string>
				</array>
				<key>INFOPLIST_FILE</key>
				<string>MeowMeowBeenzTests/MeowMeowBeenzTests-Info.plist</string>
				<key>PRODUCT_NAME</key>
				<string>$(TARGET_NAME)</string>
				<key>TEST_HOST</key>
				<string>$(BUNDLE_LOADER)</string>
				<key>WRAPPER_EXTENSION</key>
				<string>xctest</string>
			</dict>
			<key>isa</key>
			<string>XCBuildConfiguration</string>
			<key>name</key>
			<string>Testflight</string>
		</dict>
		<key>169B43CD18DA12A000B3CC21</key>
		<dict>
			<key>fileEncoding</key>
			<string>4</string>
			<key>isa</key>
			<string>PBXFileReference</string>
			<key>lastKnownFileType</key>
			<string>sourcecode.c.h</string>
			<key>name</key>
			<string>FFMeowLoader.h</string>
			<key>path</key>
			<string>MeowMeowBeenz/FFMeowLoader.h</string>
			<key>sourceTree</key>
			<string>&lt;group&gt;</string>
		</dict>
		<key>169B43CE18DA12A000B3CC21</key>
		<dict>
			<key>fileEncoding</key>
			<string>4</string>
			<key>isa</key>
			<string>PBXFileReference</string>
			<key>lastKnownFileType</key>
			<string>sourcecode.c.objc</string>
			<key>name</key>
			<string>FFMeowLoader.m</string>
			<key>path</key>
			<string>MeowMeowBeenz/FFMeowLoader.m</string>
			<key>sourceTree</key>
			<string>&lt;group&gt;</string>
		</dict>
		<key>169B43CF18DA12A000B3CC21</key>
		<dict>
			<key>fileRef</key>
			<string>169B43CE18DA12A000B3CC21</string>
			<key>isa</key>
			<string>PBXBuildFile</string>
		</dict>
		<key>169B43D018DA173100B3CC21</key>
		<dict>
			<key>isa</key>
			<string>PBXFileReference</string>
			<key>lastKnownFileType</key>
			<string>wrapper.framework</string>
			<key>name</key>
			<string>QuartzCore.framework</string>
			<key>path</key>
			<string>System/Library/Frameworks/QuartzCore.framework</string>
			<key>sourceTree</key>
			<string>SDKROOT</string>
		</dict>
		<key>169B43D118DA173100B3CC21</key>
		<dict>
			<key>fileRef</key>
			<string>169B43D018DA173100B3CC21</string>
			<key>isa</key>
			<string>PBXBuildFile</string>
		</dict>
		<key>16CEBC2818CD9C6000B58E24</key>
		<dict>
			<key>fileEncoding</key>
			<string>4</string>
			<key>isa</key>
			<string>PBXFileReference</string>
			<key>lastKnownFileType</key>
			<string>sourcecode.c.h</string>
			<key>name</key>
			<string>FFMeowFx.h</string>
			<key>path</key>
			<string>MeowMeowBeenz/FFMeowFx.h</string>
			<key>sourceTree</key>
			<string>&lt;group&gt;</string>
		</dict>
		<key>16CEBC2918CD9C6000B58E24</key>
		<dict>
			<key>fileEncoding</key>
			<string>4</string>
			<key>isa</key>
			<string>PBXFileReference</string>
			<key>lastKnownFileType</key>
			<string>sourcecode.c.objc</string>
			<key>name</key>
			<string>FFMeowFx.m</string>
			<key>path</key>
			<string>MeowMeowBeenz/FFMeowFx.m</string>
			<key>sourceTree</key>
			<string>&lt;group&gt;</string>
		</dict>
		<key>16CEBC2A18CD9C6000B58E24</key>
		<dict>
			<key>fileRef</key>
			<string>16CEBC2918CD9C6000B58E24</string>
			<key>isa</key>
			<string>PBXBuildFile</string>
		</dict>
		<key>16CEBC2B18CD9C6A00B58E24</key>
		<dict>
			<key>isa</key>
			<string>PBXFileReference</string>
			<key>lastKnownFileType</key>
			<string>audio.mp3</string>
			<key>path</key>
			<string>meow-up.mp3</string>
			<key>sourceTree</key>
			<string>&lt;group&gt;</string>
		</dict>
		<key>16CEBC2C18CD9C6A00B58E24</key>
		<dict>
			<key>isa</key>
			<string>PBXFileReference</string>
			<key>lastKnownFileType</key>
			<string>audio.mp3</string>
			<key>path</key>
			<string>meow-down.mp3</string>
			<key>sourceTree</key>
			<string>&lt;group&gt;</string>
		</dict>
		<key>16CEBC2D18CD9C6A00B58E24</key>
		<dict>
			<key>fileRef</key>
			<string>16CEBC2B18CD9C6A00B58E24</string>
			<key>isa</key>
			<string>PBXBuildFile</string>
		</dict>
		<key>16CEBC2E18CD9C6A00B58E24</key>
		<dict>
			<key>fileRef</key>
			<string>16CEBC2C18CD9C6A00B58E24</string>
			<key>isa</key>
			<string>PBXBuildFile</string>
		</dict>
		<key>16CEBC2F18CDA73700B58E24</key>
		<dict>
			<key>isa</key>
			<string>PBXFileReference</string>
			<key>lastKnownFileType</key>
			<string>folder.assetcatalog</string>
			<key>path</key>
			<string>Images.xcassets</string>
			<key>sourceTree</key>
			<string>&lt;group&gt;</string>
		</dict>
		<key>16CEBC3018CDA73700B58E24</key>
		<dict>
			<key>fileRef</key>
			<string>16CEBC2F18CDA73700B58E24</string>
			<key>isa</key>
			<string>PBXBuildFile</string>
		</dict>
		<key>2213F6691EA84023B9F0FC6F</key>
		<dict>
			<key>explicitFileType</key>
			<string>archive.ar</string>
			<key>includeInIndex</key>
			<string>0</string>
			<key>isa</key>
			<string>PBXFileReference</string>
			<key>path</key>
			<string>libPods.a</string>
			<key>sourceTree</key>
			<string>BUILT_PRODUCTS_DIR</string>
		</dict>
		<key>327D653F2F314467ACEC5E55</key>
		<dict>
			<key>buildActionMask</key>
			<string>2147483647</string>
			<key>files</key>
			<array/>
			<key>inputPaths</key>
			<array/>
			<key>isa</key>
			<string>PBXShellScriptBuildPhase</string>
			<key>name</key>
			<string>Copy Pods Resources</string>
			<key>outputPaths</key>
			<array/>
			<key>runOnlyForDeploymentPostprocessing</key>
			<string>0</string>
			<key>shellPath</key>
			<string>/bin/sh</string>
			<key>shellScript</key>
			<string>"${SRCROOT}/Pods/Target Support Files/Pods/Pods-resources.sh"
</string>
			<key>showEnvVarsInLog</key>
			<string>0</string>
		</dict>
		<key>3620AC1407305D38075F6210</key>
		<dict>
			<key>includeInIndex</key>
			<string>1</string>
			<key>isa</key>
			<string>PBXFileReference</string>
			<key>lastKnownFileType</key>
			<string>text.xcconfig</string>
			<key>name</key>
			<string>Pods.release.xcconfig</string>
			<key>path</key>
			<string>Pods/Target Support Files/Pods/Pods.release.xcconfig</string>
			<key>sourceTree</key>
			<string>&lt;group&gt;</string>
		</dict>
		<key>4D3A1C6442565C755FFEBF6A</key>
		<dict>
			<key>children</key>
			<array>
				<string>8ECCA002DE6D1C123AECB679</string>
				<string>BEC397D79D27F5A4E7039859</string>
				<string>3620AC1407305D38075F6210</string>
			</array>
			<key>isa</key>
			<string>PBXGroup</string>
			<key>name</key>
			<string>Pods</string>
			<key>sourceTree</key>
			<string>&lt;group&gt;</string>
		</dict>
		<key>55CDAB103CB14791A431FEEB</key>
		<dict>
			<key>buildActionMask</key>
			<string>2147483647</string>
			<key>files</key>
			<array/>
			<key>inputPaths</key>
			<array/>
			<key>isa</key>
			<string>PBXShellScriptBuildPhase</string>
			<key>name</key>
			<string>Check Pods Manifest.lock</string>
			<key>outputPaths</key>
			<array/>
			<key>runOnlyForDeploymentPostprocessing</key>
			<string>0</string>
			<key>shellPath</key>
			<string>/bin/sh</string>
			<key>shellScript</key>
			<string>diff "${PODS_ROOT}/../Podfile.lock" "${PODS_ROOT}/Manifest.lock" &gt; /dev/null
if [[ $? != 0 ]] ; then
    cat &lt;&lt; EOM
error: The sandbox is not in sync with the Podfile.lock. Run 'pod install' or update your CocoaPods installation.
EOM
    exit 1
fi
</string>
			<key>showEnvVarsInLog</key>
			<string>0</string>
		</dict>
		<key>688CA417690540C98C30B050</key>
		<dict>
			<key>fileRef</key>
			<string>2213F6691EA84023B9F0FC6F</string>
			<key>isa</key>
			<string>PBXBuildFile</string>
		</dict>
		<key>8ECCA002DE6D1C123AECB679</key>
		<dict>
			<key>includeInIndex</key>
			<string>1</string>
			<key>isa</key>
			<string>PBXFileReference</string>
			<key>lastKnownFileType</key>
			<string>text.xcconfig</string>
			<key>name</key>
			<string>Pods.debug.xcconfig</string>
			<key>path</key>
			<string>Pods/Target Support Files/Pods/Pods.debug.xcconfig</string>
			<key>sourceTree</key>
			<string>&lt;group&gt;</string>
		</dict>
		<key>BEC397D79D27F5A4E7039859</key>
		<dict>
			<key>includeInIndex</key>
			<string>1</string>
			<key>isa</key>
			<string>PBXFileReference</string>
			<key>lastKnownFileType</key>
			<string>text.xcconfig</string>
			<key>name</key>
			<string>Pods.testflight.xcconfig</string>
			<key>path</key>
			<string>Pods/Target Support Files/Pods/Pods.testflight.xcconfig</string>
			<key>sourceTree</key>
			<string>&lt;group&gt;</string>
		</dict>
	</dict>
	<key>rootObject</key>
	<string>161F596918CA8F58006777E1</string>
</dict>
</plist>
